<?xml version="1.0" encoding="utf-8"?>
<Project ToolsVersion="4.0" xmlns="http://schemas.microsoft.com/developer/msbuild/2003">
  <ItemGroup>
    <Filter Include="源文件">
      <UniqueIdentifier>{4FC737F1-C7A5-4376-A066-2A32D752A2FF}</UniqueIdentifier>
      <Extensions>cpp;c;cc;cxx;c++;cppm;ixx;def;odl;idl;hpj;bat;asm;asmx</Extensions>
    </Filter>
    <Filter Include="头文件">
      <UniqueIdentifier>{93995380-89BD-4b04-88EB-625FBE52EBFB}</UniqueIdentifier>
      <Extensions>h;hh;hpp;hxx;h++;hm;inl;inc;ipp;xsd</Extensions>
    </Filter>
    <Filter Include="资源文件">
      <UniqueIdentifier>{67DA6AB6-F800-4c08-8B7A-83BB121AAD01}</UniqueIdentifier>
      <Extensions>rc;ico;cur;bmp;dlg;rc2;rct;bin;rgs;gif;jpg;jpeg;jpe;resx;tiff;tif;png;wav;mfcribbon-ms</Extensions>
    </Filter>
    <Filter Include="imgui">
      <UniqueIdentifier>{63d6014d-96c8-40f4-b42b-a0ff47d2175b}</UniqueIdentifier>
    </Filter>
  </ItemGroup>
  <ItemGroup>
    <None Include="packages.config" />
    <None Include="packages\assimp\dll\assimp-vc143-mt.dll" />
  </ItemGroup>
  <ItemGroup>
    <ClCompile Include="src\main.cpp">
      <Filter>源文件</Filter>
    </ClCompile>
    <ClCompile Include="src\callback.cpp">
      <Filter>源文件</Filter>
    </ClCompile>
    <ClCompile Include="src\texture.cpp">
      <Filter>源文件</Filter>
    </ClCompile>
    <ClCompile Include="src\technique.cpp">
      <Filter>源文件</Filter>
    </ClCompile>
    <ClCompile Include="src\skybox.cpp">
      <Filter>源文件</Filter>
    </ClCompile>
    <ClCompile Include="src\mathfunc.cpp">
      <Filter>源文件</Filter>
    </ClCompile>
    <ClCompile Include="src\mesh.cpp">
      <Filter>源文件</Filter>
    </ClCompile>
    <ClCompile Include="src\lighting.cpp">
      <Filter>源文件</Filter>
    </ClCompile>
    <ClCompile Include="src\file.cpp">
      <Filter>源文件</Filter>
    </ClCompile>
    <ClCompile Include="src\camera.cpp">
      <Filter>源文件</Filter>
    </ClCompile>
    <ClCompile Include="src\grab.cpp">
      <Filter>源文件</Filter>
    </ClCompile>
    <ClCompile Include="src\scene.cpp">
      <Filter>源文件</Filter>
    </ClCompile>
    <ClCompile Include="src\shadow_map_fbo.cpp">
      <Filter>源文件</Filter>
    </ClCompile>
    <ClCompile Include="src\picking.cpp">
      <Filter>源文件</Filter>
    </ClCompile>
    <ClCompile Include="src\aimodel\hand.cpp">
      <Filter>源文件</Filter>
    </ClCompile>
    <ClCompile Include="packages\imgui-v1.88\imgui_demo.cpp">
      <Filter>imgui</Filter>
    </ClCompile>
    <ClCompile Include="packages\imgui-v1.88\imgui_draw.cpp">
      <Filter>imgui</Filter>
    </ClCompile>
    <ClCompile Include="packages\imgui-v1.88\imgui_tables.cpp">
      <Filter>imgui</Filter>
    </ClCompile>
    <ClCompile Include="packages\imgui-v1.88\imgui_widgets.cpp">
      <Filter>imgui</Filter>
    </ClCompile>
    <ClCompile Include="packages\imgui-v1.88\backends\imgui_impl_glut.cpp">
      <Filter>imgui</Filter>
    </ClCompile>
    <ClCompile Include="packages\imgui-v1.88\backends\imgui_impl_opengl2.cpp">
      <Filter>imgui</Filter>
    </ClCompile>
    <ClCompile Include="packages\imgui-v1.88\imgui.cpp">
      <Filter>imgui</Filter>
    </ClCompile>
  </ItemGroup>
</Project>